{
    "_meta": {
        "hash": {
            "sha256": "9626f5b8ca7fc18e092f5c7a1d9082fe5d0c867cf923628550095de17782a61b"
        },
        "pipfile-spec": 6,
        "requires": {
            "python_version": "3.7"
        },
        "sources": [
            {
                "name": "pypi",
                "url": "https://pypi.org/simple",
                "verify_ssl": true
            }
        ]
    },
    "default": {
        "entrypoints": {
            "hashes": [
                "sha256:589f874b313739ad35be6e0cd7efde2a4e9b6fea91edcc34e58ecbb8dbe56d19",
                "sha256:c70dd71abe5a8c85e55e12c19bd91ccfeec11a6e99044204511f9ed547d48451"
            ],
            "version": "==0.3"
        },
        "keyring": {
            "hashes": [
                "sha256:44e5a4e1ad1070c7cd46959a0d6c2a99588b66a6dad6fd685463b486c04855ea",
                "sha256:aae82841a2e170ecf4319df0f5c0df1468a98809e77563174949d8394bb59488"
            ],
            "index": "pypi",
            "version": "==19.0.1"
        }
    },
    "develop": {}
}
